
Microsoft Visual Studio Solution File, Format Version 12.00
# Visual Studio Version 17
VisualStudioVersion = 17.0.31903.59
MinimumVisualStudioVersion = 10.0.40219.1
Project("{FAE04EC0-301F-11D3-BF4B-00C04F79EFBC}") = "FenceDesk", "FenceDesk\FenceDesk.csproj", "{324570CE-7A71-4606-B317-38992955A65D}"
EndProject
Project("{FAE04EC0-301F-11D3-BF4B-00C04F79EFBC}") = "FenceDesk.Wpf", "FenceDesk.Wpf\FenceDesk.Wpf.csproj", "{DF4D5FCF-B04B-4E4B-80F4-CDB7520F1C6E}"
EndProject
Global
	GlobalSection(SolutionConfigurationPlatforms) = preSolution
		Debug|Any CPU = Debug|Any CPU
		Release|Any CPU = Release|Any CPU
	EndGlobalSection
	GlobalSection(SolutionProperties) = preSolution
		HideSolutionNode = FALSE
	EndGlobalSection
	GlobalSection(ProjectConfigurationPlatforms) = postSolution
		{324570CE-7A71-4606-B317-38992955A65D}.Debug|Any CPU.ActiveCfg = Debug|x64
		{324570CE-7A71-4606-B317-38992955A65D}.Debug|Any CPU.Build.0 = Debug|x64
		{324570CE-7A71-4606-B317-38992955A65D}.Release|Any CPU.ActiveCfg = Release|x64
		{324570CE-7A71-4606-B317-38992955A65D}.Release|Any CPU.Build.0 = Release|x64
		{DF4D5FCF-B04B-4E4B-80F4-CDB7520F1C6E}.Debug|Any CPU.ActiveCfg = Debug|Any CPU
		{DF4D5FCF-B04B-4E4B-80F4-CDB7520F1C6E}.Debug|Any CPU.Build.0 = Debug|Any CPU
		{DF4D5FCF-B04B-4E4B-80F4-CDB7520F1C6E}.Release|Any CPU.ActiveCfg = Release|Any CPU
		{DF4D5FCF-B04B-4E4B-80F4-CDB7520F1C6E}.Release|Any CPU.Build.0 = Release|Any CPU
	EndGlobalSection
EndGlobal
